<?xml version="1.0" encoding="utf-8"?>
<Project ToolsVersion="4.0" xmlns="http://schemas.microsoft.com/developer/msbuild/2003">
  <ItemGroup>
    <Filter Include="Source Files">
      <UniqueIdentifier>{4FC737F1-C7A5-4376-A066-2A32D752A2FF}</UniqueIdentifier>
      <Extensions>cpp;c;cc;cxx;def;odl;idl;hpj;bat;asm;asmx</Extensions>
    </Filter>
    <Filter Include="Header Files">
      <UniqueIdentifier>{93995380-89BD-4b04-88EB-625FBE52EBFB}</UniqueIdentifier>
      <Extensions>h;hpp;hxx;hm;inl;inc;xsd</Extensions>
    </Filter>
    <Filter Include="Resource Files">
      <UniqueIdentifier>{67DA6AB6-F800-4c08-8B7A-83BB121AAD01}</UniqueIdentifier>
      <Extensions>rc;ico;cur;bmp;dlg;rc2;rct;bin;rgs;gif;jpg;jpeg;jpe;resx;tiff;tif;png;wav;mfcribbon-ms</Extensions>
    </Filter>
  </ItemGroup>
  <ItemGroup>
    <ClCompile Include="..\src\compat.c">
      <Filter>Source Files</Filter>
    </ClCompile>
    <ClCompile Include="..\src\dct64.c">
      <Filter>Source Files</Filter>
    </ClCompile>
    <ClCompile Include="..\src\dither.c">
      <Filter>Source Files</Filter>
    </ClCompile>
    <ClCompile Include="..\src\equalizer.c">
      <Filter>Source Files</Filter>
    </ClCompile>
    <ClCompile Include="..\src\feature.c">
      <Filter>Source Files</Filter>
    </ClCompile>
    <ClCompile Include="..\src\format.c">
      <Filter>Source Files</Filter>
    </ClCompile>
    <ClCompile Include="..\src\frame.c">
      <Filter>Source Files</Filter>
    </ClCompile>
    <ClCompile Include="..\src\icy.c">
      <Filter>Source Files</Filter>
    </ClCompile>
    <ClCompile Include="..\src\icy2utf8.c">
      <Filter>Source Files</Filter>
    </ClCompile>
    <ClCompile Include="..\src\id3.c">
      <Filter>Source Files</Filter>
    </ClCompile>
    <ClCompile Include="..\src\index.c">
      <Filter>Source Files</Filter>
    </ClCompile>
    <ClCompile Include="..\src\layer1.c">
      <Filter>Source Files</Filter>
    </ClCompile>
    <ClCompile Include="..\src\layer2.c">
      <Filter>Source Files</Filter>
    </ClCompile>
    <ClCompile Include="..\src\layer3.c">
      <Filter>Source Files</Filter>
    </ClCompile>
    <ClCompile Include="..\src\libmpg123.c">
      <Filter>Source Files</Filter>
    </ClCompile>
    <ClCompile Include="..\src\ntom.c">
      <Filter>Source Files</Filter>
    </ClCompile>
    <ClCompile Include="..\src\optimize.c">
      <Filter>Source Files</Filter>
    </ClCompile>
    <ClCompile Include="..\src\parse.c">
      <Filter>Source Files</Filter>
    </ClCompile>
    <ClCompile Include="..\src\readers.c">
      <Filter>Source Files</Filter>
    </ClCompile>
    <ClCompile Include="..\src\stringbuf.c">
      <Filter>Source Files</Filter>
    </ClCompile>
    <ClCompile Include="..\src\synth.c">
      <Filter>Source Files</Filter>
    </ClCompile>
    <ClCompile Include="..\src\synth_real.c">
      <Filter>Source Files</Filter>
    </ClCompile>
    <ClCompile Include="..\src\synth_s32.c">
      <Filter>Source Files</Filter>
    </ClCompile>
    <ClCompile Include="..\src\tabinit.c">
      <Filter>Source Files</Filter>
    </ClCompile>
    <ClCompile Include="msvc.c">
      <Filter>Source Files</Filter>
    </ClCompile>
    <ClCompile Include="..\src\synth_8bit.c">
      <Filter>Source Files</Filter>
    </ClCompile>
  </ItemGroup>
  <ItemGroup>
    <ClInclude Include="..\src\compat.h">
      <Filter>Header Files</Filter>
    </ClInclude>
    <ClInclude Include="..\src\debug.h">
      <Filter>Header Files</Filter>
    </ClInclude>
    <ClInclude Include="..\src\decode.h">
      <Filter>Header Files</Filter>
    </ClInclude>
    <ClInclude Include="..\src\dither.h">
      <Filter>Header Files</Filter>
    </ClInclude>
    <ClInclude Include="..\src\frame.h">
      <Filter>Header Files</Filter>
    </ClInclude>
    <ClInclude Include="..\src\getbits.h">
      <Filter>Header Files</Filter>
    </ClInclude>
    <ClInclude Include="..\src\getcpuflags.h">
      <Filter>Header Files</Filter>
    </ClInclude>
    <ClInclude Include="..\src\huffman.h">
      <Filter>Header Files</Filter>
    </ClInclude>
    <ClInclude Include="..\src\icy.h">
      <Filter>Header Files</Filter>
    </ClInclude>
    <ClInclude Include="..\src\icy2utf8.h">
      <Filter>Header Files</Filter>
    </ClInclude>
    <ClInclude Include="..\src\id3.h">
      <Filter>Header Files</Filter>
    </ClInclude>
    <ClInclude Include="..\src\index.h">
      <Filter>Header Files</Filter>
    </ClInclude>
    <ClInclude Include="..\src\intsym.h">
      <Filter>Header Files</Filter>
    </ClInclude>
    <ClInclude Include="..\src\l2tables.h">
      <Filter>Header Files</Filter>
    </ClInclude>
    <ClInclude Include="..\src\l3_integer_tables.h">
      <Filter>Header Files</Filter>
    </ClInclude>
    <ClInclude Include="..\src\l12_integer_tables.h">
      <Filter>Header Files</Filter>
    </ClInclude>
    <ClInclude Include="..\src\mangle.h">
      <Filter>Header Files</Filter>
    </ClInclude>
    <ClInclude Include="..\src\mpg123lib_intern.h">
      <Filter>Header Files</Filter>
    </ClInclude>
    <ClInclude Include="..\src\optimize.h">
      <Filter>Header Files</Filter>
    </ClInclude>
    <ClInclude Include="..\src\parse.h">
      <Filter>Header Files</Filter>
    </ClInclude>
    <ClInclude Include="..\src\reader.h">
      <Filter>Header Files</Filter>
    </ClInclude>
    <ClInclude Include="..\src\sample.h">
      <Filter>Header Files</Filter>
    </ClInclude>
    <ClInclude Include="..\src\synth.h">
      <Filter>Header Files</Filter>
    </ClInclude>
    <ClInclude Include="..\src\synth_8bit.h">
      <Filter>Header Files</Filter>
    </ClInclude>
    <ClInclude Include="..\src\synth_mono.h">
      <Filter>Header Files</Filter>
    </ClInclude>
    <ClInclude Include="..\src\synth_ntom.h">
      <Filter>Header Files</Filter>
    </ClInclude>
    <ClInclude Include="..\src\synth_sse3d.h">
      <Filter>Header Files</Filter>
    </ClInclude>
    <ClInclude Include="..\src\synths.h">
      <Filter>Header Files</Filter>
    </ClInclude>
    <ClInclude Include="..\src\true.h">
      <Filter>Header Files</Filter>
    </ClInclude>
    <ClInclude Include="config.h">
      <Filter>Header Files</Filter>
    </ClInclude>
    <ClInclude Include="mpg123.h">
      <Filter>Header Files</Filter>
    </ClInclude>
  </ItemGroup>
  <ItemGroup>
    <None Include="libmpg123-0.def">
      <Filter>Source Files</Filter>
    </None>
    <None Include="..\src\mpg123.h.in">
      <Filter>Header Files</Filter>
    </None>
  </ItemGroup>
</Project>