<?xml version="1.0" encoding="utf-8"?>
<Project ToolsVersion="4.0" xmlns="http://schemas.microsoft.com/developer/msbuild/2003">
  <ItemGroup>
    <ClCompile Include="..\..\residfp\Dac.cpp">
      <Filter>ReSIDfp</Filter>
    </ClCompile>
    <ClCompile Include="..\..\residfp\EnvelopeGenerator.cpp">
      <Filter>ReSIDfp</Filter>
    </ClCompile>
    <ClCompile Include="..\..\residfp\ExternalFilter.cpp">
      <Filter>ReSIDfp</Filter>
    </ClCompile>
    <ClCompile Include="..\..\residfp\Filter.cpp">
      <Filter>ReSIDfp</Filter>
    </ClCompile>
    <ClCompile Include="..\..\residfp\Filter6581.cpp">
      <Filter>ReSIDfp</Filter>
    </ClCompile>
    <ClCompile Include="..\..\residfp\FilterModelConfig.cpp">
      <Filter>ReSIDfp</Filter>
    </ClCompile>
    <ClCompile Include="..\..\residfp\OpAmp.cpp">
      <Filter>ReSIDfp</Filter>
    </ClCompile>
    <ClCompile Include="..\..\residfp\SID.cpp">
      <Filter>ReSIDfp</Filter>
    </ClCompile>
    <ClCompile Include="..\..\residfp\Spline.cpp">
      <Filter>ReSIDfp</Filter>
    </ClCompile>
    <ClCompile Include="..\..\residfp\version.cc">
      <Filter>ReSIDfp</Filter>
    </ClCompile>
    <ClCompile Include="..\..\residfp\WaveformCalculator.cpp">
      <Filter>ReSIDfp</Filter>
    </ClCompile>
    <ClCompile Include="..\..\residfp\WaveformGenerator.cpp">
      <Filter>ReSIDfp</Filter>
    </ClCompile>
    <ClCompile Include="..\..\residfp-builder.cpp" />
    <ClCompile Include="..\..\residfp\resample\SincResampler.cpp">
      <Filter>ReSIDfp\resample</Filter>
    </ClCompile>
    <ClCompile Include="..\..\residfp-emu.cpp" />
  </ItemGroup>
  <ItemGroup>
    <ClInclude Include="..\..\residfp\array.h">
      <Filter>ReSIDfp</Filter>
    </ClInclude>
    <ClInclude Include="..\..\residfp\Dac.h">
      <Filter>ReSIDfp</Filter>
    </ClInclude>
    <ClInclude Include="..\..\residfp\EnvelopeGenerator.h">
      <Filter>ReSIDfp</Filter>
    </ClInclude>
    <ClInclude Include="..\..\residfp\ExternalFilter.h">
      <Filter>ReSIDfp</Filter>
    </ClInclude>
    <ClInclude Include="..\..\residfp\Filter.h">
      <Filter>ReSIDfp</Filter>
    </ClInclude>
    <ClInclude Include="..\..\residfp\Filter6581.h">
      <Filter>ReSIDfp</Filter>
    </ClInclude>
    <ClInclude Include="..\..\residfp\Filter8580.h">
      <Filter>ReSIDfp</Filter>
    </ClInclude>
    <ClInclude Include="..\..\residfp\FilterModelConfig.h">
      <Filter>ReSIDfp</Filter>
    </ClInclude>
    <ClInclude Include="..\..\residfp\Integrator.h">
      <Filter>ReSIDfp</Filter>
    </ClInclude>
    <ClInclude Include="..\..\residfp\OpAmp.h">
      <Filter>ReSIDfp</Filter>
    </ClInclude>
    <ClInclude Include="..\..\residfp\Potentiometer.h">
      <Filter>ReSIDfp</Filter>
    </ClInclude>
    <ClInclude Include="..\..\residfp\residfp-config.h">
      <Filter>ReSIDfp</Filter>
    </ClInclude>
    <ClInclude Include="..\..\residfp\SID.h">
      <Filter>ReSIDfp</Filter>
    </ClInclude>
    <ClInclude Include="..\..\residfp\Spline.h">
      <Filter>ReSIDfp</Filter>
    </ClInclude>
    <ClInclude Include="..\..\residfp\Voice.h">
      <Filter>ReSIDfp</Filter>
    </ClInclude>
    <ClInclude Include="..\..\residfp\WaveformCalculator.h">
      <Filter>ReSIDfp</Filter>
    </ClInclude>
    <ClInclude Include="..\..\residfp\WaveformGenerator.h">
      <Filter>ReSIDfp</Filter>
    </ClInclude>
    <ClInclude Include="..\..\residfp-emu.h" />
    <ClInclude Include="..\..\residfp\resample\Resampler.h">
      <Filter>ReSIDfp\resample</Filter>
    </ClInclude>
    <ClInclude Include="..\..\residfp\resample\SincResampler.h">
      <Filter>ReSIDfp\resample</Filter>
    </ClInclude>
    <ClInclude Include="..\..\residfp\resample\TwoPassSincResampler.h">
      <Filter>ReSIDfp\resample</Filter>
    </ClInclude>
    <ClInclude Include="..\..\residfp\resample\ZeroOrderResampler.h">
      <Filter>ReSIDfp\resample</Filter>
    </ClInclude>
    <ClInclude Include="config.h" />
    <ClInclude Include="..\..\residfp\siddefs-fp.h">
      <Filter>ReSIDfp</Filter>
    </ClInclude>
    <ClInclude Include="..\..\residfp.h" />
  </ItemGroup>
  <ItemGroup>
    <Filter Include="ReSIDfp">
      <UniqueIdentifier>{30ee4138-fb99-4dbf-91ee-36732153cd85}</UniqueIdentifier>
    </Filter>
    <Filter Include="ReSIDfp\resample">
      <UniqueIdentifier>{dd8b212f-343e-4d5f-8a16-d51803f7872f}</UniqueIdentifier>
    </Filter>
  </ItemGroup>
  <ItemGroup>
    <None Include="..\..\residfp\README">
      <Filter>ReSIDfp</Filter>
    </None>
  </ItemGroup>
</Project>