<?xml version="1.0" encoding="utf-8"?>
<Project ToolsVersion="4.0" xmlns="http://schemas.microsoft.com/developer/msbuild/2003">
  <ItemGroup>
    <Filter Include="V41">
      <UniqueIdentifier>{a26a1e95-7f1c-4a18-959a-85fe1d8d3719}</UniqueIdentifier>
    </Filter>
    <Filter Include="V42">
      <UniqueIdentifier>{5df2020b-0acd-4409-82bf-828bd37bbf91}</UniqueIdentifier>
    </Filter>
  </ItemGroup>
  <ItemGroup>
    <None Include="_License.txt" />
    <None Include="_Readme.txt" />
  </ItemGroup>
  <ItemGroup>
    <ClCompile Include="V42\SnarlInterface_V42.cpp">
      <Filter>V42</Filter>
    </ClCompile>
    <ClCompile Include="V41\SnarlInterface_V41.cpp">
      <Filter>V41</Filter>
    </ClCompile>
  </ItemGroup>
  <ItemGroup>
    <ClInclude Include="V42\SnarlInterface.h">
      <Filter>V42</Filter>
    </ClInclude>
    <ClInclude Include="V41\SnarlInterface.h">
      <Filter>V41</Filter>
    </ClInclude>
  </ItemGroup>
</Project>