<?xml version="1.0" encoding="utf-8"?>
<Project ToolsVersion="4.0" xmlns="http://schemas.microsoft.com/developer/msbuild/2003">
  <ItemGroup>
    <Filter Include="Header Files">
      <UniqueIdentifier>{a2c0d670-2088-4e7a-996b-a4efb47fa2a3}</UniqueIdentifier>
      <Extensions>h;hpp;hxx;hm;inl</Extensions>
    </Filter>
    <Filter Include="Source Files">
      <UniqueIdentifier>{28d10f5b-f29d-4c96-b7a0-cef8a7afd5a6}</UniqueIdentifier>
      <Extensions>cpp;c;cxx;rc;def;r;odl;idl;hpj;bat</Extensions>
    </Filter>
  </ItemGroup>
  <ItemGroup>
    <ClCompile Include="bitstream.cpp">
      <Filter>Source Files</Filter>
    </ClCompile>
    <ClCompile Include="huffsv46.cpp">
      <Filter>Source Files</Filter>
    </ClCompile>
    <ClCompile Include="huffsv7.cpp">
      <Filter>Source Files</Filter>
    </ClCompile>
    <ClCompile Include="idtag.cpp">
      <Filter>Source Files</Filter>
    </ClCompile>
    <ClCompile Include="in_mpc.cpp">
      <Filter>Source Files</Filter>
    </ClCompile>
    <ClCompile Include="mpc_dec.cpp">
      <Filter>Source Files</Filter>
    </ClCompile>
    <ClCompile Include="requant.cpp">
      <Filter>Source Files</Filter>
    </ClCompile>
    <ClCompile Include="StdAfx.cpp">
      <Filter>Source Files</Filter>
    </ClCompile>
    <ClCompile Include="synth_filter.cpp">
      <Filter>Source Files</Filter>
    </ClCompile>
  </ItemGroup>
  <ItemGroup>
    <None Include="tools.inc">
      <Filter>Header Files</Filter>
    </None>
  </ItemGroup>
  <ItemGroup>
    <ClInclude Include="in_mpc.h">
      <Filter>Header Files</Filter>
    </ClInclude>
    <ClInclude Include="mpc_dec.h">
      <Filter>Header Files</Filter>
    </ClInclude>
    <ClInclude Include="requant.h">
      <Filter>Header Files</Filter>
    </ClInclude>
    <ClInclude Include="StdAfx.h">
      <Filter>Header Files</Filter>
    </ClInclude>
    <ClInclude Include="synth_filter.h">
      <Filter>Header Files</Filter>
    </ClInclude>
  </ItemGroup>
  <ItemGroup>
    <CustomBuild Include="cpu_feat.nas">
      <Filter>Source Files</Filter>
    </CustomBuild>
    <CustomBuild Include="synthasm.nas">
      <Filter>Source Files</Filter>
    </CustomBuild>
  </ItemGroup>
</Project>