<?xml version="1.0" encoding="utf-8"?>
<Project ToolsVersion="4.0" xmlns="http://schemas.microsoft.com/developer/msbuild/2003">
  <ItemGroup>
    <Filter Include="Source Files">
      <UniqueIdentifier>{4FC737F1-C7A5-4376-A066-2A32D752A2FF}</UniqueIdentifier>
      <Extensions>cpp;c;cc;cxx;def;odl;idl;hpj;bat;asm;asmx</Extensions>
    </Filter>
    <Filter Include="Header Files">
      <UniqueIdentifier>{93995380-89BD-4b04-88EB-625FBE52EBFB}</UniqueIdentifier>
      <Extensions>h;hh;hpp;hxx;hm;inl;inc;xsd</Extensions>
    </Filter>
    <Filter Include="Header Files\core">
      <UniqueIdentifier>{c6a1d567-4f3d-4dbc-981a-b900e9dd81ba}</UniqueIdentifier>
    </Filter>
    <Filter Include="Source Files\core">
      <UniqueIdentifier>{2abc2805-2d53-4b83-92a7-a7917d723c9a}</UniqueIdentifier>
    </Filter>
    <Filter Include="Header Files\arm">
      <UniqueIdentifier>{6f305cac-ebf4-4ee3-9fd6-59ee729d2a20}</UniqueIdentifier>
    </Filter>
    <Filter Include="Source Files\arm">
      <UniqueIdentifier>{3689973e-75bf-4b1a-a1c9-fe758fe110fb}</UniqueIdentifier>
    </Filter>
    <Filter Include="Header Files\gb">
      <UniqueIdentifier>{218337c9-8c7d-4a5e-bd66-208b04218beb}</UniqueIdentifier>
    </Filter>
    <Filter Include="Source Files\gb">
      <UniqueIdentifier>{b5f7ebda-765b-4a9f-a419-1ac302d822dd}</UniqueIdentifier>
    </Filter>
    <Filter Include="Header Files\gba">
      <UniqueIdentifier>{9a7d4ff3-cd95-4882-97c7-0327ced07ab2}</UniqueIdentifier>
    </Filter>
    <Filter Include="Source Files\gba">
      <UniqueIdentifier>{1231e5d0-8e19-4ad8-9ad6-79825c02ddea}</UniqueIdentifier>
    </Filter>
    <Filter Include="Header Files\gba\cheats">
      <UniqueIdentifier>{8ce64f26-2090-46e5-a7c9-633d427a3d5f}</UniqueIdentifier>
    </Filter>
    <Filter Include="Source Files\gba\cheats">
      <UniqueIdentifier>{8d919876-4e1f-4ae5-bfc1-20db7a05a921}</UniqueIdentifier>
    </Filter>
    <Filter Include="Header Files\gba\sio">
      <UniqueIdentifier>{b6c816c3-3a95-43fb-89ef-137a307e5970}</UniqueIdentifier>
    </Filter>
    <Filter Include="Source Files\gba\sio">
      <UniqueIdentifier>{3b3c572a-89b9-49fc-a5b1-20eda4bb5819}</UniqueIdentifier>
    </Filter>
    <Filter Include="Header Files\platform">
      <UniqueIdentifier>{baaac1ea-900f-4d97-92c1-9a2ce67f3717}</UniqueIdentifier>
    </Filter>
    <Filter Include="Source Files\platform">
      <UniqueIdentifier>{321a25ac-002c-4147-8bd8-994702e0597f}</UniqueIdentifier>
    </Filter>
    <Filter Include="Source Files\platform\windows">
      <UniqueIdentifier>{9c9d3b82-27a9-4f63-af7b-987a24b86ba7}</UniqueIdentifier>
    </Filter>
    <Filter Include="Header Files\platform\windows">
      <UniqueIdentifier>{466a0bd7-9821-407d-9f85-9c9139a36c9f}</UniqueIdentifier>
    </Filter>
    <Filter Include="Header Files\third-party">
      <UniqueIdentifier>{507d4d43-550d-4fdc-ab74-e793d5ffa9e0}</UniqueIdentifier>
    </Filter>
    <Filter Include="Source Files\third-party">
      <UniqueIdentifier>{7deb19aa-6eac-42ac-a2e0-a38cad01ddab}</UniqueIdentifier>
    </Filter>
    <Filter Include="Header Files\third-party\blip_buf">
      <UniqueIdentifier>{3f1d7006-9aba-40b0-91b3-35d6e562ea88}</UniqueIdentifier>
    </Filter>
    <Filter Include="Source Files\third-party\blip_buf">
      <UniqueIdentifier>{81179543-49c0-4c94-bda5-98d92feef8fc}</UniqueIdentifier>
    </Filter>
    <Filter Include="Header Files\third-party\inih">
      <UniqueIdentifier>{fe15f5be-2234-4a21-8aed-c165ece06802}</UniqueIdentifier>
    </Filter>
    <Filter Include="Source Files\third-party\inih">
      <UniqueIdentifier>{d6d4dd2b-4fa5-4a25-8647-48dc3642db42}</UniqueIdentifier>
    </Filter>
    <Filter Include="Header Files\util">
      <UniqueIdentifier>{54b2e657-f78e-4bda-a24c-c5b0057241bf}</UniqueIdentifier>
    </Filter>
    <Filter Include="Source Files\util">
      <UniqueIdentifier>{f5ffb11b-6fe8-4a3e-89f4-bf38bf2916b0}</UniqueIdentifier>
    </Filter>
    <Filter Include="Source Files\util\vfs">
      <UniqueIdentifier>{68a67e56-c537-4c40-8d7b-bd7f0a5b116b}</UniqueIdentifier>
    </Filter>
  </ItemGroup>
  <ItemGroup>
    <ClCompile Include="..\..\mgba\src\core\cheats.c">
      <Filter>Source Files\core</Filter>
    </ClCompile>
    <ClCompile Include="..\..\mgba\src\core\config.c">
      <Filter>Source Files\core</Filter>
    </ClCompile>
    <ClCompile Include="..\..\mgba\src\core\core.c">
      <Filter>Source Files\core</Filter>
    </ClCompile>
    <ClCompile Include="..\..\mgba\src\core\directories.c">
      <Filter>Source Files\core</Filter>
    </ClCompile>
    <ClCompile Include="..\..\mgba\src\core\input.c">
      <Filter>Source Files\core</Filter>
    </ClCompile>
    <ClCompile Include="..\..\mgba\src\core\interface.c">
      <Filter>Source Files\core</Filter>
    </ClCompile>
    <ClCompile Include="..\..\mgba\src\core\log.c">
      <Filter>Source Files\core</Filter>
    </ClCompile>
    <ClCompile Include="..\..\mgba\src\core\rewind.c">
      <Filter>Source Files\core</Filter>
    </ClCompile>
    <ClCompile Include="..\..\mgba\src\core\serialize.c">
      <Filter>Source Files\core</Filter>
    </ClCompile>
    <ClCompile Include="..\..\mgba\src\core\sync.c">
      <Filter>Source Files\core</Filter>
    </ClCompile>
    <ClCompile Include="..\..\mgba\src\core\thread.c">
      <Filter>Source Files\core</Filter>
    </ClCompile>
    <ClCompile Include="..\..\mgba\src\core\tile-cache.c">
      <Filter>Source Files\core</Filter>
    </ClCompile>
    <ClCompile Include="..\..\mgba\src\arm\arm.c">
      <Filter>Source Files\arm</Filter>
    </ClCompile>
    <ClCompile Include="..\..\mgba\src\arm\decoder.c">
      <Filter>Source Files\arm</Filter>
    </ClCompile>
    <ClCompile Include="..\..\mgba\src\arm\decoder-arm.c">
      <Filter>Source Files\arm</Filter>
    </ClCompile>
    <ClCompile Include="..\..\mgba\src\arm\decoder-thumb.c">
      <Filter>Source Files\arm</Filter>
    </ClCompile>
    <ClCompile Include="..\..\mgba\src\arm\isa-arm.c">
      <Filter>Source Files\arm</Filter>
    </ClCompile>
    <ClCompile Include="..\..\mgba\src\arm\isa-thumb.c">
      <Filter>Source Files\arm</Filter>
    </ClCompile>
    <ClCompile Include="..\..\mgba\src\gb\audio.c">
      <Filter>Source Files\gb</Filter>
    </ClCompile>
    <ClCompile Include="..\..\mgba\src\gba\audio.c">
      <Filter>Source Files\gba</Filter>
    </ClCompile>
    <ClCompile Include="..\..\mgba\src\gba\bios.c">
      <Filter>Source Files\gba</Filter>
    </ClCompile>
    <ClCompile Include="..\..\mgba\src\gba\cheats.c">
      <Filter>Source Files\gba</Filter>
    </ClCompile>
    <ClCompile Include="..\..\mgba\src\gba\core.c">
      <Filter>Source Files\gba</Filter>
    </ClCompile>
    <ClCompile Include="..\..\mgba\src\gba\gba.c">
      <Filter>Source Files\gba</Filter>
    </ClCompile>
    <ClCompile Include="..\..\mgba\src\gba\hardware.c">
      <Filter>Source Files\gba</Filter>
    </ClCompile>
    <ClCompile Include="..\..\mgba\src\gba\hle-bios.c">
      <Filter>Source Files\gba</Filter>
    </ClCompile>
    <ClCompile Include="..\..\mgba\src\gba\input.c">
      <Filter>Source Files\gba</Filter>
    </ClCompile>
    <ClCompile Include="..\..\mgba\src\gba\io.c">
      <Filter>Source Files\gba</Filter>
    </ClCompile>
    <ClCompile Include="..\..\mgba\src\gba\memory.c">
      <Filter>Source Files\gba</Filter>
    </ClCompile>
    <ClCompile Include="..\..\mgba\src\gba\overrides.c">
      <Filter>Source Files\gba</Filter>
    </ClCompile>
    <ClCompile Include="..\..\mgba\src\gba\savedata.c">
      <Filter>Source Files\gba</Filter>
    </ClCompile>
    <ClCompile Include="..\..\mgba\src\gba\serialize.c">
      <Filter>Source Files\gba</Filter>
    </ClCompile>
    <ClCompile Include="..\..\mgba\src\gba\sharkport.c">
      <Filter>Source Files\gba</Filter>
    </ClCompile>
    <ClCompile Include="..\..\mgba\src\gba\sio.c">
      <Filter>Source Files\gba</Filter>
    </ClCompile>
    <ClCompile Include="..\..\mgba\src\gba\timer.c">
      <Filter>Source Files\gba</Filter>
    </ClCompile>
    <ClCompile Include="..\..\mgba\src\gba\vfame.c">
      <Filter>Source Files\gba</Filter>
    </ClCompile>
    <ClCompile Include="..\..\mgba\src\gba\video.c">
      <Filter>Source Files\gba</Filter>
    </ClCompile>
    <ClCompile Include="..\..\mgba\src\gba\cheats\codebreaker.c">
      <Filter>Source Files\gba\cheats</Filter>
    </ClCompile>
    <ClCompile Include="..\..\mgba\src\gba\cheats\gameshark.c">
      <Filter>Source Files\gba\cheats</Filter>
    </ClCompile>
    <ClCompile Include="..\..\mgba\src\gba\cheats\parv3.c">
      <Filter>Source Files\gba\cheats</Filter>
    </ClCompile>
    <ClCompile Include="..\..\mgba\src\gba\sio\lockstep.c">
      <Filter>Source Files\gba\sio</Filter>
    </ClCompile>
    <ClCompile Include="..\..\mgba\src\platform\windows\memory.c">
      <Filter>Source Files\platform\windows</Filter>
    </ClCompile>
    <ClCompile Include="..\..\mgba\src\third-party\blip_buf\blip_buf.c">
      <Filter>Source Files\third-party\blip_buf</Filter>
    </ClCompile>
    <ClCompile Include="..\..\mgba\src\third-party\inih\ini.c">
      <Filter>Source Files\third-party\inih</Filter>
    </ClCompile>
    <ClCompile Include="..\..\mgba\src\util\circle-buffer.c">
      <Filter>Source Files\util</Filter>
    </ClCompile>
    <ClCompile Include="..\..\mgba\src\util\configuration.c">
      <Filter>Source Files\util</Filter>
    </ClCompile>
    <ClCompile Include="..\..\mgba\src\util\crc32.c">
      <Filter>Source Files\util</Filter>
    </ClCompile>
    <ClCompile Include="..\..\mgba\src\util\formatting.c">
      <Filter>Source Files\util</Filter>
    </ClCompile>
    <ClCompile Include="..\..\mgba\src\util\hash.c">
      <Filter>Source Files\util</Filter>
    </ClCompile>
    <ClCompile Include="..\..\mgba\src\util\patch.c">
      <Filter>Source Files\util</Filter>
    </ClCompile>
    <ClCompile Include="..\..\mgba\src\util\patch-fast.c">
      <Filter>Source Files\util</Filter>
    </ClCompile>
    <ClCompile Include="..\..\mgba\src\util\patch-ips.c">
      <Filter>Source Files\util</Filter>
    </ClCompile>
    <ClCompile Include="..\..\mgba\src\util\patch-ups.c">
      <Filter>Source Files\util</Filter>
    </ClCompile>
    <ClCompile Include="..\..\mgba\src\util\ring-fifo.c">
      <Filter>Source Files\util</Filter>
    </ClCompile>
    <ClCompile Include="..\..\mgba\src\util\string.c">
      <Filter>Source Files\util</Filter>
    </ClCompile>
    <ClCompile Include="..\..\mgba\src\util\table.c">
      <Filter>Source Files\util</Filter>
    </ClCompile>
    <ClCompile Include="..\..\mgba\src\util\vfs.c">
      <Filter>Source Files\util</Filter>
    </ClCompile>
    <ClCompile Include="..\..\mgba\src\util\vfs\vfs-fd.c">
      <Filter>Source Files\util\vfs</Filter>
    </ClCompile>
    <ClCompile Include="..\..\mgba\src\util\vfs\vfs-mem.c">
      <Filter>Source Files\util\vfs</Filter>
    </ClCompile>
    <ClCompile Include="..\..\mgba\src\core\timing.c">
      <Filter>Source Files\core</Filter>
    </ClCompile>
    <ClCompile Include="..\..\mgba\src\gba\dma.c">
      <Filter>Source Files\gba</Filter>
    </ClCompile>
    <ClCompile Include="..\..\mgba\src\core\lockstep.c">
      <Filter>Source Files\core</Filter>
    </ClCompile>
  </ItemGroup>
  <ItemGroup>
    <ClInclude Include="..\..\mgba\include\mgba\core\cheats.h">
      <Filter>Header Files\core</Filter>
    </ClInclude>
    <ClInclude Include="..\..\mgba\include\mgba\core\config.h">
      <Filter>Header Files\core</Filter>
    </ClInclude>
    <ClInclude Include="..\..\mgba\include\mgba\core\core.h">
      <Filter>Header Files\core</Filter>
    </ClInclude>
    <ClInclude Include="..\..\mgba\include\mgba\core\cpu.h">
      <Filter>Header Files\core</Filter>
    </ClInclude>
    <ClInclude Include="..\..\mgba\include\mgba\core\directories.h">
      <Filter>Header Files\core</Filter>
    </ClInclude>
    <ClInclude Include="..\..\mgba\include\mgba\core\input.h">
      <Filter>Header Files\core</Filter>
    </ClInclude>
    <ClInclude Include="..\..\mgba\include\mgba\core\interface.h">
      <Filter>Header Files\core</Filter>
    </ClInclude>
    <ClInclude Include="..\..\mgba\include\mgba\core\log.h">
      <Filter>Header Files\core</Filter>
    </ClInclude>
    <ClInclude Include="..\..\mgba\include\mgba\core\rewind.h">
      <Filter>Header Files\core</Filter>
    </ClInclude>
    <ClInclude Include="..\..\mgba\include\mgba\core\serialize.h">
      <Filter>Header Files\core</Filter>
    </ClInclude>
    <ClInclude Include="..\..\mgba\include\mgba\core\sync.h">
      <Filter>Header Files\core</Filter>
    </ClInclude>
    <ClInclude Include="..\..\mgba\include\mgba\core\thread.h">
      <Filter>Header Files\core</Filter>
    </ClInclude>
    <ClInclude Include="..\..\mgba\include\mgba\core\tile-cache.h">
      <Filter>Header Files\core</Filter>
    </ClInclude>
    <ClInclude Include="..\..\mgba\include\mgba\core\version.h">
      <Filter>Header Files\core</Filter>
    </ClInclude>
    <ClInclude Include="..\..\mgba\include\mgba\internal\arm\arm.h">
      <Filter>Header Files\arm</Filter>
    </ClInclude>
    <ClInclude Include="..\..\mgba\include\mgba\internal\arm\decoder.h">
      <Filter>Header Files\arm</Filter>
    </ClInclude>
    <ClInclude Include="..\..\mgba\include\mgba\internal\arm\decoder-inlines.h">
      <Filter>Header Files\arm</Filter>
    </ClInclude>
    <ClInclude Include="..\..\mgba\include\mgba\internal\arm\emitter-arm.h">
      <Filter>Header Files\arm</Filter>
    </ClInclude>
    <ClInclude Include="..\..\mgba\include\mgba\internal\arm\emitter-inlines.h">
      <Filter>Header Files\arm</Filter>
    </ClInclude>
    <ClInclude Include="..\..\mgba\include\mgba\internal\arm\emitter-thumb.h">
      <Filter>Header Files\arm</Filter>
    </ClInclude>
    <ClInclude Include="..\..\mgba\include\mgba\internal\arm\isa-arm.h">
      <Filter>Header Files\arm</Filter>
    </ClInclude>
    <ClInclude Include="..\..\mgba\include\mgba\internal\arm\isa-inlines.h">
      <Filter>Header Files\arm</Filter>
    </ClInclude>
    <ClInclude Include="..\..\mgba\include\mgba\internal\arm\isa-thumb.h">
      <Filter>Header Files\arm</Filter>
    </ClInclude>
    <ClInclude Include="..\..\mgba\include\mgba\internal\arm\macros.h">
      <Filter>Header Files\arm</Filter>
    </ClInclude>
    <ClInclude Include="..\..\mgba\include\mgba\internal\gb\audio.h">
      <Filter>Header Files\gb</Filter>
    </ClInclude>
    <ClInclude Include="..\..\mgba\include\mgba\internal\gb\interface.h">
      <Filter>Header Files\gb</Filter>
    </ClInclude>
    <ClInclude Include="..\..\mgba\include\mgba\internal\gba\audio.h">
      <Filter>Header Files\gba</Filter>
    </ClInclude>
    <ClInclude Include="..\..\mgba\include\mgba\internal\gba\bios.h">
      <Filter>Header Files\gba</Filter>
    </ClInclude>
    <ClInclude Include="..\..\mgba\include\mgba\internal\gba\cheats.h">
      <Filter>Header Files\gba</Filter>
    </ClInclude>
    <ClInclude Include="..\..\mgba\include\mgba\internal\gba\core.h">
      <Filter>Header Files\gba</Filter>
    </ClInclude>
    <ClInclude Include="..\..\mgba\include\mgba\internal\gba\gba.h">
      <Filter>Header Files\gba</Filter>
    </ClInclude>
    <ClInclude Include="..\..\mgba\include\mgba\internal\gba\hardware.h">
      <Filter>Header Files\gba</Filter>
    </ClInclude>
    <ClInclude Include="..\..\mgba\include\mgba\internal\gba\hle-bios.h">
      <Filter>Header Files\gba</Filter>
    </ClInclude>
    <ClInclude Include="..\..\mgba\include\mgba\internal\gba\input.h">
      <Filter>Header Files\gba</Filter>
    </ClInclude>
    <ClInclude Include="..\..\mgba\include\mgba\internal\gba\interface.h">
      <Filter>Header Files\gba</Filter>
    </ClInclude>
    <ClInclude Include="..\..\mgba\include\mgba\internal\gba\io.h">
      <Filter>Header Files\gba</Filter>
    </ClInclude>
    <ClInclude Include="..\..\mgba\include\mgba\internal\gba\memory.h">
      <Filter>Header Files\gba</Filter>
    </ClInclude>
    <ClInclude Include="..\..\mgba\include\mgba\internal\gba\overrides.h">
      <Filter>Header Files\gba</Filter>
    </ClInclude>
    <ClInclude Include="..\..\mgba\include\mgba\internal\gba\savedata.h">
      <Filter>Header Files\gba</Filter>
    </ClInclude>
    <ClInclude Include="..\..\mgba\include\mgba\internal\gba\serialize.h">
      <Filter>Header Files\gba</Filter>
    </ClInclude>
    <ClInclude Include="..\..\mgba\include\mgba\internal\gba\sharkport.h">
      <Filter>Header Files\gba</Filter>
    </ClInclude>
    <ClInclude Include="..\..\mgba\include\mgba\internal\gba\sio.h">
      <Filter>Header Files\gba</Filter>
    </ClInclude>
    <ClInclude Include="..\..\mgba\include\mgba\internal\gba\timer.h">
      <Filter>Header Files\gba</Filter>
    </ClInclude>
    <ClInclude Include="..\..\mgba\include\mgba\internal\gba\vfame.h">
      <Filter>Header Files\gba</Filter>
    </ClInclude>
    <ClInclude Include="..\..\mgba\include\mgba\internal\gba\video.h">
      <Filter>Header Files\gba</Filter>
    </ClInclude>
    <ClInclude Include="..\..\mgba\include\mgba\internal\gba\cheats\gameshark.h">
      <Filter>Header Files\gba\cheats</Filter>
    </ClInclude>
    <ClInclude Include="..\..\mgba\include\mgba\internal\gba\cheats\parv3.h">
      <Filter>Header Files\gba\cheats</Filter>
    </ClInclude>
    <ClInclude Include="..\..\mgba\include\mgba\internal\gba\sio\lockstep.h">
      <Filter>Header Files\gba\sio</Filter>
    </ClInclude>
    <ClInclude Include="..\..\mgba\include\mgba-util\platform\windows\threading.h">
      <Filter>Header Files\platform\windows</Filter>
    </ClInclude>
    <ClInclude Include="..\..\mgba\include\mgba\core\blip_buf.h">
      <Filter>Header Files\third-party\blip_buf</Filter>
    </ClInclude>
    <ClInclude Include="..\..\mgba\src\third-party\inih\ini.h">
      <Filter>Header Files\third-party\inih</Filter>
    </ClInclude>
    <ClInclude Include="..\..\mgba\include\mgba-util\circle-buffer.h">
      <Filter>Header Files\util</Filter>
    </ClInclude>
    <ClInclude Include="..\..\mgba\include\mgba-util\common.h">
      <Filter>Header Files\util</Filter>
    </ClInclude>
    <ClInclude Include="..\..\mgba\include\mgba-util\configuration.h">
      <Filter>Header Files\util</Filter>
    </ClInclude>
    <ClInclude Include="..\..\mgba\include\mgba-util\crc32.h">
      <Filter>Header Files\util</Filter>
    </ClInclude>
    <ClInclude Include="..\..\mgba\include\mgba-util\formatting.h">
      <Filter>Header Files\util</Filter>
    </ClInclude>
    <ClInclude Include="..\..\mgba\include\mgba-util\hash.h">
      <Filter>Header Files\util</Filter>
    </ClInclude>
    <ClInclude Include="..\..\mgba\include\mgba-util\math.h">
      <Filter>Header Files\util</Filter>
    </ClInclude>
    <ClInclude Include="..\..\mgba\include\mgba-util\memory.h">
      <Filter>Header Files\util</Filter>
    </ClInclude>
    <ClInclude Include="..\..\mgba\include\mgba-util\patch.h">
      <Filter>Header Files\util</Filter>
    </ClInclude>
    <ClInclude Include="..\..\mgba\include\mgba-util\patch-fast.h">
      <Filter>Header Files\util</Filter>
    </ClInclude>
    <ClInclude Include="..\..\mgba\include\mgba-util\patch-ips.h">
      <Filter>Header Files\util</Filter>
    </ClInclude>
    <ClInclude Include="..\..\mgba\include\mgba-util\patch-ups.h">
      <Filter>Header Files\util</Filter>
    </ClInclude>
    <ClInclude Include="..\..\mgba\include\mgba-util\ring-fifo.h">
      <Filter>Header Files\util</Filter>
    </ClInclude>
    <ClInclude Include="..\..\mgba\include\mgba-util\string.h">
      <Filter>Header Files\util</Filter>
    </ClInclude>
    <ClInclude Include="..\..\mgba\include\mgba-util\table.h">
      <Filter>Header Files\util</Filter>
    </ClInclude>
    <ClInclude Include="..\..\mgba\include\mgba-util\threading.h">
      <Filter>Header Files\util</Filter>
    </ClInclude>
    <ClInclude Include="..\..\mgba\include\mgba-util\vector.h">
      <Filter>Header Files\util</Filter>
    </ClInclude>
    <ClInclude Include="..\..\mgba\include\mgba-util\vfs.h">
      <Filter>Header Files\util</Filter>
    </ClInclude>
    <ClInclude Include="stdbool.h">
      <Filter>Header Files</Filter>
    </ClInclude>
  </ItemGroup>
  <ItemGroup>
    <None Include="libmgba.def">
      <Filter>Source Files</Filter>
    </None>
  </ItemGroup>
</Project>