<?xml version="1.0" encoding="utf-8"?>
<Project ToolsVersion="4.0" xmlns="http://schemas.microsoft.com/developer/msbuild/2003">
  <ItemGroup>
    <Filter Include="unpacker">
      <UniqueIdentifier>{ababaa98-6458-44ec-9882-78987cfe0899}</UniqueIdentifier>
    </Filter>
  </ItemGroup>
  <ItemGroup>
    <ClCompile Include="..\..\openspc2\Packed_Spc-0.1.0\unpack_spc.c">
      <Filter>unpacker</Filter>
    </ClCompile>
    <ClCompile Include="spc.cpp" />
  </ItemGroup>
  <ItemGroup>
    <ClInclude Include="..\..\openspc2\Packed_Spc-0.1.0\unpack_spc.h">
      <Filter>unpacker</Filter>
    </ClInclude>
  </ItemGroup>
  <ItemGroup>
    <ResourceCompile Include="spc.rc" />
  </ItemGroup>
</Project>