<?xml version="1.0" encoding="utf-8"?>
<Project ToolsVersion="4.0" xmlns="http://schemas.microsoft.com/developer/msbuild/2003">
  <ItemGroup>
    <Filter Include="Header Files">
      <UniqueIdentifier>{138ef28f-a83e-44c3-99ff-e68a9769ebbf}</UniqueIdentifier>
      <Extensions>h;hpp;hxx;hm;inl</Extensions>
    </Filter>
    <Filter Include="Source Files">
      <UniqueIdentifier>{8b2e4560-d2fb-49dd-a844-d6dd64d4444a}</UniqueIdentifier>
      <Extensions>cpp;c;cxx;rc;def;r;odl;idl;hpj;bat</Extensions>
    </Filter>
  </ItemGroup>
  <ItemGroup>
    <ClCompile Include="DFC_Array.cpp">
      <Filter>Source Files</Filter>
    </ClCompile>
    <ClCompile Include="DFC_Dialog.cpp">
      <Filter>Source Files</Filter>
    </ClCompile>
    <ClCompile Include="DFC_Wnd.cpp">
      <Filter>Source Files</Filter>
    </ClCompile>
  </ItemGroup>
  <ItemGroup>
    <ClInclude Include="DFC.h">
      <Filter>Header Files</Filter>
    </ClInclude>
    <ClInclude Include="DFC_Array.h">
      <Filter>Header Files</Filter>
    </ClInclude>
  </ItemGroup>
</Project>