<?xml version="1.0" encoding="utf-8"?>
<Project ToolsVersion="4.0" xmlns="http://schemas.microsoft.com/developer/msbuild/2003">
  <ItemGroup>
    <Filter Include="Configuration">
      <UniqueIdentifier>{3a24b504-4fac-40e3-ad09-e852729b1838}</UniqueIdentifier>
    </Filter>
    <Filter Include="Decoders">
      <UniqueIdentifier>{f2bc49ac-8f11-4ccc-8535-c9656a9b9b8e}</UniqueIdentifier>
    </Filter>
    <Filter Include="Decoders\ACM">
      <UniqueIdentifier>{b2c0bb0f-cab9-47dd-b16b-50885067fbd9}</UniqueIdentifier>
    </Filter>
    <Filter Include="Decoders\ADX">
      <UniqueIdentifier>{616a5d5c-35d2-4342-a290-38661b1207a0}</UniqueIdentifier>
    </Filter>
    <Filter Include="Decoders\BRR">
      <UniqueIdentifier>{92119ba0-d016-49c4-9983-623e0b76dc48}</UniqueIdentifier>
    </Filter>
    <Filter Include="Decoders\DSP">
      <UniqueIdentifier>{3bd25e30-e4fe-4e6e-a6ee-dc33c04ae709}</UniqueIdentifier>
    </Filter>
    <Filter Include="Decoders\EA MUS">
      <UniqueIdentifier>{ad0605af-fcb4-45d7-b9d9-fc20a6559d0b}</UniqueIdentifier>
    </Filter>
    <Filter Include="Decoders\OKI">
      <UniqueIdentifier>{3260cda9-315a-41ae-9fe3-b8083dcf9af8}</UniqueIdentifier>
    </Filter>
    <Filter Include="Decoders\RAC">
      <UniqueIdentifier>{1783b7d2-d45a-48e2-86e4-ca8984504234}</UniqueIdentifier>
    </Filter>
    <Filter Include="Decoders\XA">
      <UniqueIdentifier>{c256e01c-f110-4906-9381-67336dd8c30a}</UniqueIdentifier>
    </Filter>
  </ItemGroup>
  <ItemGroup>
    <ClCompile Include="acm\acm.cpp">
      <Filter>Decoders\ACM</Filter>
    </ClCompile>
    <ClCompile Include="acm\acmstrm.cpp">
      <Filter>Decoders\ACM</Filter>
    </ClCompile>
    <ClCompile Include="acm\decomp.cpp">
      <Filter>Decoders\ACM</Filter>
    </ClCompile>
    <ClCompile Include="config.cpp">
      <Filter>Configuration</Filter>
    </ClCompile>
    <ClCompile Include="foo_adx\adx.cpp">
      <Filter>Decoders\ADX</Filter>
    </ClCompile>
    <ClCompile Include="foo_brr\brr.cpp">
      <Filter>Decoders\BRR</Filter>
    </ClCompile>
    <ClCompile Include="foo_dsp\adp.cpp">
      <Filter>Decoders\DSP</Filter>
    </ClCompile>
    <ClCompile Include="foo_dsp\decode.cpp">
      <Filter>Decoders\DSP</Filter>
    </ClCompile>
    <ClCompile Include="foo_dsp\dsp.cpp">
      <Filter>Decoders\DSP</Filter>
    </ClCompile>
    <ClCompile Include="foo_dsp\foo_dsp.cpp">
      <Filter>Decoders\DSP</Filter>
    </ClCompile>
    <ClCompile Include="foo_ea\mus.cpp">
      <Filter>Decoders\EA MUS</Filter>
    </ClCompile>
    <ClCompile Include="foo_oki\foo_okiadpcm.cpp">
      <Filter>Decoders\OKI</Filter>
    </ClCompile>
    <ClCompile Include="foo_rac\foofile.cpp">
      <Filter>Decoders\RAC</Filter>
    </ClCompile>
    <ClCompile Include="foo_rac\rac.cpp">
      <Filter>Decoders\RAC</Filter>
    </ClCompile>
    <ClCompile Include="foo_rac\racloops.cpp">
      <Filter>Decoders\RAC</Filter>
    </ClCompile>
    <ClCompile Include="foo_xa\xa.cpp">
      <Filter>Decoders\XA</Filter>
    </ClCompile>
    <ClCompile Include="ima_adpcm.cpp">
      <Filter>Decoders</Filter>
    </ClCompile>
  </ItemGroup>
  <ItemGroup>
    <ClInclude Include="acm\acmstrm.h">
      <Filter>Decoders\ACM</Filter>
    </ClInclude>
    <ClInclude Include="foo_dsp\cube.h">
      <Filter>Decoders\DSP</Filter>
    </ClInclude>
    <ClInclude Include="foo_oki\reader_foo.h">
      <Filter>Decoders\OKI</Filter>
    </ClInclude>
    <ClInclude Include="foo_rac\foofile.h">
      <Filter>Decoders\RAC</Filter>
    </ClInclude>
    <ClInclude Include="foo_rac\racloops.h">
      <Filter>Decoders\RAC</Filter>
    </ClInclude>
    <ClInclude Include="ima_adpcm.h">
      <Filter>Decoders</Filter>
    </ClInclude>
    <ClInclude Include="resource.h" />
    <ClInclude Include="foo_oki\source\pversion.h">
      <Filter>Decoders\OKI</Filter>
    </ClInclude>
  </ItemGroup>
</Project>