<?xml version="1.0" encoding="utf-8"?>
<Project ToolsVersion="4.0" xmlns="http://schemas.microsoft.com/developer/msbuild/2003">
  <ItemGroup>
    <Filter Include="Header Files">
      <UniqueIdentifier>{93995380-89BD-4b04-88EB-625FBE52EBFB}</UniqueIdentifier>
      <Extensions>h;hpp;hxx;hm;inl;inc;xsd</Extensions>
    </Filter>
    <Filter Include="Resource Files">
      <UniqueIdentifier>{67DA6AB6-F800-4c08-8B7A-83BB121AAD01}</UniqueIdentifier>
      <Extensions>rc;ico;cur;bmp;dlg;rc2;rct;bin;rgs;gif;jpg;jpeg;jpe;resx</Extensions>
    </Filter>
    <Filter Include="Source Files">
      <UniqueIdentifier>{4FC737F1-C7A5-4376-A066-2A32D752A2FF}</UniqueIdentifier>
      <Extensions>cpp;c;cc;cxx;def;odl;idl;hpj;bat;asm;asmx</Extensions>
    </Filter>
    <Filter Include="Source Files\Opt">
      <UniqueIdentifier>{97aa2238-8362-46ea-984e-468e65bbb810}</UniqueIdentifier>
    </Filter>
  </ItemGroup>
  <ItemGroup>
    <ClInclude Include="audio.h">
      <Filter>Header Files</Filter>
    </ClInclude>
    <ClInclude Include="audio_hle.h">
      <Filter>Header Files</Filter>
    </ClInclude>
    <ClInclude Include="cpu.h">
      <Filter>Header Files</Filter>
    </ClInclude>
    <ClInclude Include="exception.h">
      <Filter>Header Files</Filter>
    </ClInclude>
    <ClInclude Include="foomain.h">
      <Filter>Header Files</Filter>
    </ClInclude>
    <ClInclude Include="interpreter_cpu.h">
      <Filter>Header Files</Filter>
    </ClInclude>
    <ClInclude Include="interpreter_ops.h">
      <Filter>Header Files</Filter>
    </ClInclude>
    <ClInclude Include="main.h">
      <Filter>Header Files</Filter>
    </ClInclude>
    <ClInclude Include="opcode.h">
      <Filter>Header Files</Filter>
    </ClInclude>
    <ClInclude Include="pif.h">
      <Filter>Header Files</Filter>
    </ClInclude>
    <ClInclude Include="psftag.h">
      <Filter>Header Files</Filter>
    </ClInclude>
    <ClInclude Include="recompiler_cpu.h">
      <Filter>Header Files</Filter>
    </ClInclude>
    <ClInclude Include="recompiler_ops.h">
      <Filter>Header Files</Filter>
    </ClInclude>
    <ClInclude Include="registers.h">
      <Filter>Header Files</Filter>
    </ClInclude>
    <ClInclude Include="resource.h">
      <Filter>Header Files</Filter>
    </ClInclude>
    <ClInclude Include="rsp.h">
      <Filter>Header Files</Filter>
    </ClInclude>
    <ClInclude Include="stdint.h">
      <Filter>Header Files</Filter>
    </ClInclude>
    <ClInclude Include="tlb.h">
      <Filter>Header Files</Filter>
    </ClInclude>
    <ClInclude Include="types.h">
      <Filter>Header Files</Filter>
    </ClInclude>
    <ClInclude Include="usf.h">
      <Filter>Header Files</Filter>
    </ClInclude>
    <ClInclude Include="x86.h">
      <Filter>Header Files</Filter>
    </ClInclude>
  </ItemGroup>
  <ItemGroup>
    <ResourceCompile Include="usf.rc">
      <Filter>Resource Files</Filter>
    </ResourceCompile>
  </ItemGroup>
  <ItemGroup>
    <ClCompile Include="recompiler_cpu.cpp">
      <Filter>Source Files</Filter>
    </ClCompile>
    <ClCompile Include="rsp.cpp">
      <Filter>Source Files</Filter>
    </ClCompile>
    <ClCompile Include="rsp_interpreter_cpu.cpp">
      <Filter>Source Files</Filter>
    </ClCompile>
    <ClCompile Include="rsp_recompiler_cpu.cpp">
      <Filter>Source Files</Filter>
    </ClCompile>
    <ClCompile Include="audio.cpp">
      <Filter>Source Files\Opt</Filter>
    </ClCompile>
    <ClCompile Include="audio_hle_main.cpp">
      <Filter>Source Files\Opt</Filter>
    </ClCompile>
    <ClCompile Include="audio_ucode1.cpp">
      <Filter>Source Files\Opt</Filter>
    </ClCompile>
    <ClCompile Include="audio_ucode2.cpp">
      <Filter>Source Files\Opt</Filter>
    </ClCompile>
    <ClCompile Include="audio_ucode3.cpp">
      <Filter>Source Files\Opt</Filter>
    </ClCompile>
    <ClCompile Include="audio_ucode3mp3.cpp">
      <Filter>Source Files\Opt</Filter>
    </ClCompile>
    <ClCompile Include="cpu.cpp">
      <Filter>Source Files\Opt</Filter>
    </ClCompile>
    <ClCompile Include="dma.cpp">
      <Filter>Source Files\Opt</Filter>
    </ClCompile>
    <ClCompile Include="exception.cpp">
      <Filter>Source Files\Opt</Filter>
    </ClCompile>
    <ClCompile Include="foomain.cpp">
      <Filter>Source Files\Opt</Filter>
    </ClCompile>
    <ClCompile Include="interpreter_cpu.cpp">
      <Filter>Source Files\Opt</Filter>
    </ClCompile>
    <ClCompile Include="interpreter_ops.cpp">
      <Filter>Source Files\Opt</Filter>
    </ClCompile>
    <ClCompile Include="main.cpp">
      <Filter>Source Files\Opt</Filter>
    </ClCompile>
    <ClCompile Include="memory.cpp">
      <Filter>Source Files\Opt</Filter>
    </ClCompile>
    <ClCompile Include="pif.cpp">
      <Filter>Source Files\Opt</Filter>
    </ClCompile>
    <ClCompile Include="psftag.cpp">
      <Filter>Source Files\Opt</Filter>
    </ClCompile>
    <ClCompile Include="recompiler_fpu_ops.cpp">
      <Filter>Source Files\Opt</Filter>
    </ClCompile>
    <ClCompile Include="recompiler_ops.cpp">
      <Filter>Source Files\Opt</Filter>
    </ClCompile>
    <ClCompile Include="registers.cpp">
      <Filter>Source Files\Opt</Filter>
    </ClCompile>
    <ClCompile Include="rsp_mmx.cpp">
      <Filter>Source Files\Opt</Filter>
    </ClCompile>
    <ClCompile Include="rsp_recompiler_analysis.cpp">
      <Filter>Source Files\Opt</Filter>
    </ClCompile>
    <ClCompile Include="rsp_recompiler_ops.cpp">
      <Filter>Source Files\Opt</Filter>
    </ClCompile>
    <ClCompile Include="rsp_sse.cpp">
      <Filter>Source Files\Opt</Filter>
    </ClCompile>
    <ClCompile Include="rsp_x86.cpp">
      <Filter>Source Files\Opt</Filter>
    </ClCompile>
    <ClCompile Include="tlb.cpp">
      <Filter>Source Files\Opt</Filter>
    </ClCompile>
    <ClCompile Include="usf.cpp">
      <Filter>Source Files\Opt</Filter>
    </ClCompile>
    <ClCompile Include="x86.cpp">
      <Filter>Source Files\Opt</Filter>
    </ClCompile>
    <ClCompile Include="x86_fpu.cpp">
      <Filter>Source Files\Opt</Filter>
    </ClCompile>
  </ItemGroup>
</Project>