<?xml version="1.0" encoding="utf-8"?>
<Project ToolsVersion="4.0" xmlns="http://schemas.microsoft.com/developer/msbuild/2003">
  <ItemGroup>
    <Filter Include="unlha">
      <UniqueIdentifier>{5c23fb14-46ef-4c2c-9f01-bd8bc5e38793}</UniqueIdentifier>
    </Filter>
  </ItemGroup>
  <ItemGroup>
    <ClCompile Include="unlha\DHUF.CPP">
      <Filter>unlha</Filter>
    </ClCompile>
    <ClCompile Include="unlha\EXTRACT.CPP">
      <Filter>unlha</Filter>
    </ClCompile>
    <ClCompile Include="unlha\Header.cpp">
      <Filter>unlha</Filter>
    </ClCompile>
    <ClCompile Include="unlha\HUF.CPP">
      <Filter>unlha</Filter>
    </ClCompile>
    <ClCompile Include="unlha\LARC.CPP">
      <Filter>unlha</Filter>
    </ClCompile>
    <ClCompile Include="unlha\LHEXT.CPP">
      <Filter>unlha</Filter>
    </ClCompile>
    <ClCompile Include="unlha\MAKETBL.CPP">
      <Filter>unlha</Filter>
    </ClCompile>
    <ClCompile Include="unlha\SHUF.CPP">
      <Filter>unlha</Filter>
    </ClCompile>
    <ClCompile Include="unlha\SLIDE.CPP">
      <Filter>unlha</Filter>
    </ClCompile>
    <ClCompile Include="unlha\Unlha.cpp">
      <Filter>unlha</Filter>
    </ClCompile>
    <ClCompile Include="unpack_lha.cpp" />
  </ItemGroup>
  <ItemGroup>
    <ClInclude Include="unlha\LHARC.H">
      <Filter>unlha</Filter>
    </ClInclude>
    <ClInclude Include="unlha\SLIDEHUF.H">
      <Filter>unlha</Filter>
    </ClInclude>
    <ClInclude Include="unlha\UNLHA32.H">
      <Filter>unlha</Filter>
    </ClInclude>
    <ClInclude Include="unlha\lha_macro.h">
      <Filter>unlha</Filter>
    </ClInclude>
  </ItemGroup>
</Project>