<?xml version="1.0" encoding="utf-8"?>
<Project ToolsVersion="4.0" xmlns="http://schemas.microsoft.com/developer/msbuild/2003">
  <ItemGroup>
    <Filter Include="Source Files">
      <UniqueIdentifier>{4FC737F1-C7A5-4376-A066-2A32D752A2FF}</UniqueIdentifier>
      <Extensions>cpp;c;cxx;def;odl;idl;hpj;bat;asm;asmx</Extensions>
    </Filter>
    <Filter Include="Source Files\freeverb">
      <UniqueIdentifier>{9330e9c0-62b3-447f-a73c-421656046c60}</UniqueIdentifier>
    </Filter>
    <Filter Include="Source Files\blit">
      <UniqueIdentifier>{7ee7aabe-4d87-4a8b-a0d4-7423ac52a7cf}</UniqueIdentifier>
    </Filter>
    <Filter Include="Header Files">
      <UniqueIdentifier>{93995380-89BD-4b04-88EB-625FBE52EBFB}</UniqueIdentifier>
      <Extensions>h;hpp;hxx;hm;inl;inc;xsd</Extensions>
    </Filter>
    <Filter Include="Header Files\freeverb">
      <UniqueIdentifier>{d35618e8-ee75-4eb3-90cd-f52484f285ba}</UniqueIdentifier>
    </Filter>
    <Filter Include="Header Files\blit">
      <UniqueIdentifier>{fc01a6e3-b028-44ea-b57c-e79b464f1c1f}</UniqueIdentifier>
    </Filter>
  </ItemGroup>
  <ItemGroup>
    <ClCompile Include="src\externalInterface.cpp">
      <Filter>Source Files</Filter>
    </ClCompile>
    <ClCompile Include="src\file.cpp">
      <Filter>Source Files</Filter>
    </ClCompile>
    <ClCompile Include="src\part.cpp">
      <Filter>Source Files</Filter>
    </ClCompile>
    <ClCompile Include="src\partial.cpp">
      <Filter>Source Files</Filter>
    </ClCompile>
    <ClCompile Include="src\partialManager.cpp">
      <Filter>Source Files</Filter>
    </ClCompile>
    <ClCompile Include="src\synth.cpp">
      <Filter>Source Files</Filter>
    </ClCompile>
    <ClCompile Include="src\tables.cpp">
      <Filter>Source Files</Filter>
    </ClCompile>
    <ClCompile Include="src\freeverb\allpass.cpp">
      <Filter>Source Files\freeverb</Filter>
    </ClCompile>
    <ClCompile Include="src\freeverb\comb.cpp">
      <Filter>Source Files\freeverb</Filter>
    </ClCompile>
    <ClCompile Include="src\freeverb\revmodel.cpp">
      <Filter>Source Files\freeverb</Filter>
    </ClCompile>
    <ClCompile Include="src\blit\Blit.cpp">
      <Filter>Source Files\blit</Filter>
    </ClCompile>
    <ClCompile Include="src\blit\BlitSaw.cpp">
      <Filter>Source Files\blit</Filter>
    </ClCompile>
    <ClCompile Include="src\blit\BlitSquare.cpp">
      <Filter>Source Files\blit</Filter>
    </ClCompile>
    <ClCompile Include="src\blit\Generator.cpp">
      <Filter>Source Files\blit</Filter>
    </ClCompile>
    <ClCompile Include="src\blit\Stk.cpp">
      <Filter>Source Files\blit</Filter>
    </ClCompile>
    <ClCompile Include="src\delayReverb.cpp">
      <Filter>Source Files</Filter>
    </ClCompile>
    <ClCompile Include="src\poly.cpp">
      <Filter>Source Files</Filter>
    </ClCompile>
    <ClCompile Include="src\tva.cpp">
      <Filter>Source Files</Filter>
    </ClCompile>
    <ClCompile Include="src\tvp.cpp">
      <Filter>Source Files</Filter>
    </ClCompile>
    <ClCompile Include="src\tvf.cpp">
      <Filter>Source Files</Filter>
    </ClCompile>
  </ItemGroup>
  <ItemGroup>
    <ClInclude Include="src\externalInterface.h">
      <Filter>Header Files</Filter>
    </ClInclude>
    <ClInclude Include="src\file.h">
      <Filter>Header Files</Filter>
    </ClInclude>
    <ClInclude Include="src\mt32emu.h">
      <Filter>Header Files</Filter>
    </ClInclude>
    <ClInclude Include="src\part.h">
      <Filter>Header Files</Filter>
    </ClInclude>
    <ClInclude Include="src\partial.h">
      <Filter>Header Files</Filter>
    </ClInclude>
    <ClInclude Include="src\partialManager.h">
      <Filter>Header Files</Filter>
    </ClInclude>
    <ClInclude Include="src\structures.h">
      <Filter>Header Files</Filter>
    </ClInclude>
    <ClInclude Include="src\synth.h">
      <Filter>Header Files</Filter>
    </ClInclude>
    <ClInclude Include="src\tables.h">
      <Filter>Header Files</Filter>
    </ClInclude>
    <ClInclude Include="src\freeverb\allpass.h">
      <Filter>Header Files\freeverb</Filter>
    </ClInclude>
    <ClInclude Include="src\freeverb\comb.h">
      <Filter>Header Files\freeverb</Filter>
    </ClInclude>
    <ClInclude Include="src\freeverb\denormals.h">
      <Filter>Header Files\freeverb</Filter>
    </ClInclude>
    <ClInclude Include="src\freeverb\revmodel.h">
      <Filter>Header Files\freeverb</Filter>
    </ClInclude>
    <ClInclude Include="src\freeverb\tuning.h">
      <Filter>Header Files\freeverb</Filter>
    </ClInclude>
    <ClInclude Include="src\blit\Blit.h">
      <Filter>Header Files\blit</Filter>
    </ClInclude>
    <ClInclude Include="src\blit\BlitSaw.h">
      <Filter>Header Files\blit</Filter>
    </ClInclude>
    <ClInclude Include="src\blit\BlitSquare.h">
      <Filter>Header Files\blit</Filter>
    </ClInclude>
    <ClInclude Include="src\blit\Generator.h">
      <Filter>Header Files\blit</Filter>
    </ClInclude>
    <ClInclude Include="src\blit\Stk.h">
      <Filter>Header Files\blit</Filter>
    </ClInclude>
    <ClInclude Include="src\delayReverb.h">
      <Filter>Header Files</Filter>
    </ClInclude>
    <ClInclude Include="src\poly.h">
      <Filter>Header Files</Filter>
    </ClInclude>
    <ClInclude Include="src\tva.h">
      <Filter>Header Files</Filter>
    </ClInclude>
    <ClInclude Include="src\tvp.h">
      <Filter>Header Files</Filter>
    </ClInclude>
    <ClInclude Include="src\tvf.h">
      <Filter>Header Files</Filter>
    </ClInclude>
  </ItemGroup>
</Project>