<?xml version="1.0" encoding="utf-8"?>
<Project ToolsVersion="4.0" xmlns="http://schemas.microsoft.com/developer/msbuild/2003">
  <ItemGroup>
    <Filter Include="Components">
      <UniqueIdentifier>{527a7f0d-8938-47a9-9ed0-4d721475698c}</UniqueIdentifier>
    </Filter>
    <Filter Include="Components\MOS6510">
      <UniqueIdentifier>{876b0c0b-9d31-4885-baa7-7284bebc2e92}</UniqueIdentifier>
    </Filter>
    <Filter Include="Components\MOS656X">
      <UniqueIdentifier>{846cf448-79db-4685-bdfa-25b7f8a2010c}</UniqueIdentifier>
    </Filter>
    <Filter Include="Components\SidTune">
      <UniqueIdentifier>{2a75d862-5403-4826-a2a7-f9d64bf8293f}</UniqueIdentifier>
    </Filter>
    <Filter Include="Header Files">
      <UniqueIdentifier>{b9d37851-3068-4f07-ac2c-9556a45ad45e}</UniqueIdentifier>
      <Extensions>h</Extensions>
    </Filter>
    <Filter Include="Source Files">
      <UniqueIdentifier>{5b458e98-c634-41f9-8452-de7e45b923d3}</UniqueIdentifier>
      <Extensions>cpp;cc;cxx;c;i</Extensions>
    </Filter>
    <Filter Include="Components\MOS6526">
      <UniqueIdentifier>{296aa0dc-e885-4889-aa72-979c4677b79d}</UniqueIdentifier>
    </Filter>
  </ItemGroup>
  <ItemGroup>
    <ClInclude Include="..\..\c64\c64cia.h">
      <Filter>Header Files</Filter>
    </ClInclude>
    <ClInclude Include="..\..\c64\c64vic.h">
      <Filter>Header Files</Filter>
    </ClInclude>
    <ClInclude Include="..\..\Buffer.h">
      <Filter>Source Files</Filter>
    </ClInclude>
    <ClInclude Include="..\..\component.h">
      <Filter>Source Files</Filter>
    </ClInclude>
    <ClInclude Include="..\..\event.h">
      <Filter>Source Files</Filter>
    </ClInclude>
    <ClInclude Include="..\..\player.h">
      <Filter>Source Files</Filter>
    </ClInclude>
    <ClInclude Include="..\..\sid2types.h">
      <Filter>Source Files</Filter>
    </ClInclude>
    <ClInclude Include="..\..\sidbuilder.h">
      <Filter>Source Files</Filter>
    </ClInclude>
    <ClInclude Include="..\..\sidconfig.h">
      <Filter>Source Files</Filter>
    </ClInclude>
    <ClInclude Include="..\..\sidendian.h">
      <Filter>Source Files</Filter>
    </ClInclude>
    <ClInclude Include="..\..\SidTune.h">
      <Filter>Source Files</Filter>
    </ClInclude>
    <ClInclude Include="..\..\sidusage.h">
      <Filter>Source Files</Filter>
    </ClInclude>
    <ClInclude Include="..\..\SmartPtr.h">
      <Filter>Source Files</Filter>
    </ClInclude>
    <ClInclude Include="..\..\c64\mmu.h">
      <Filter>Source Files</Filter>
    </ClInclude>
    <ClInclude Include="..\..\c64\CPU\mos6510.h">
      <Filter>Components\MOS6510</Filter>
    </ClInclude>
    <ClInclude Include="..\..\c64\CPU\mos6510debug.h">
      <Filter>Components\MOS6510</Filter>
    </ClInclude>
    <ClInclude Include="..\..\c64\CPU\opcodes.h">
      <Filter>Components\MOS6510</Filter>
    </ClInclude>
    <ClInclude Include="..\..\c64\CIA\mos6526.h">
      <Filter>Components\MOS6526</Filter>
    </ClInclude>
    <ClInclude Include="..\..\c64\VIC_II\mos656x.h">
      <Filter>Components\MOS656X</Filter>
    </ClInclude>
    <ClInclude Include="..\..\c64\Bank.h">
      <Filter>Header Files</Filter>
    </ClInclude>
    <ClInclude Include="..\..\c64\c64.h">
      <Filter>Header Files</Filter>
    </ClInclude>
    <ClInclude Include="..\..\c64\c64cpu.h">
      <Filter>Header Files</Filter>
    </ClInclude>
    <ClInclude Include="..\..\c64\c64env.h">
      <Filter>Header Files</Filter>
    </ClInclude>
    <ClInclude Include="..\..\c64\ColorRAMBank.h">
      <Filter>Header Files</Filter>
    </ClInclude>
    <ClInclude Include="..\..\c64\IOBank.h">
      <Filter>Header Files</Filter>
    </ClInclude>
    <ClInclude Include="..\..\c64\SystemRAMBank.h">
      <Filter>Header Files</Filter>
    </ClInclude>
    <ClInclude Include="..\..\c64\SystemROMBanks.h">
      <Filter>Header Files</Filter>
    </ClInclude>
    <ClInclude Include="..\..\c64\ZeroRAMBank.h">
      <Filter>Header Files</Filter>
    </ClInclude>
    <ClInclude Include="..\..\mixer.h">
      <Filter>Source Files</Filter>
    </ClInclude>
    <ClInclude Include="..\..\sidversion.h">
      <Filter>Source Files</Filter>
    </ClInclude>
    <ClInclude Include="..\..\EventScheduler.h">
      <Filter>Header Files</Filter>
    </ClInclude>
    <ClInclude Include="..\..\sidtune\MUS.h">
      <Filter>Components\SidTune</Filter>
    </ClInclude>
    <ClInclude Include="..\..\sidtune\p00.h">
      <Filter>Components\SidTune</Filter>
    </ClInclude>
    <ClInclude Include="..\..\sidtune\prg.h">
      <Filter>Components\SidTune</Filter>
    </ClInclude>
    <ClInclude Include="..\..\sidtune\PSID.h">
      <Filter>Components\SidTune</Filter>
    </ClInclude>
    <ClInclude Include="..\..\sidtune\SidTuneBase.h">
      <Filter>Components\SidTune</Filter>
    </ClInclude>
    <ClInclude Include="..\..\sidtune\SidTuneCfg.h">
      <Filter>Components\SidTune</Filter>
    </ClInclude>
    <ClInclude Include="..\..\sidtune\SidTuneInfoImpl.h">
      <Filter>Components\SidTune</Filter>
    </ClInclude>
    <ClInclude Include="..\..\sidtune\SidTuneTools.h">
      <Filter>Components\SidTune</Filter>
    </ClInclude>
    <ClInclude Include="..\..\psiddrv.h">
      <Filter>Source Files</Filter>
    </ClInclude>
    <ClInclude Include="..\..\reloc65.h">
      <Filter>Source Files</Filter>
    </ClInclude>
    <ClInclude Include="..\..\romCheck.h">
      <Filter>Source Files</Filter>
    </ClInclude>
    <ClInclude Include="..\..\siddefs.h">
      <Filter>Source Files</Filter>
    </ClInclude>
    <ClInclude Include="..\..\sidemu.h">
      <Filter>Source Files</Filter>
    </ClInclude>
    <ClInclude Include="..\..\SidInfo.h">
      <Filter>Source Files</Filter>
    </ClInclude>
    <ClInclude Include="..\..\SidInfoImpl.h">
      <Filter>Source Files</Filter>
    </ClInclude>
    <ClInclude Include="..\..\sidmd5.h">
      <Filter>Source Files</Filter>
    </ClInclude>
    <ClInclude Include="..\..\sidmemory.h">
      <Filter>Source Files</Filter>
    </ClInclude>
    <ClInclude Include="..\..\sidplayfp.h">
      <Filter>Source Files</Filter>
    </ClInclude>
    <ClInclude Include="..\..\sidrandom.h">
      <Filter>Source Files</Filter>
    </ClInclude>
    <ClInclude Include="..\..\SidTuneInfo.h">
      <Filter>Source Files</Filter>
    </ClInclude>
    <ClInclude Include="..\..\c64\CIA\timer.h">
      <Filter>Source Files</Filter>
    </ClInclude>
  </ItemGroup>
  <ItemGroup>
    <ClCompile Include="..\..\config.cpp">
      <Filter>Source Files</Filter>
    </ClCompile>
    <ClCompile Include="..\..\mixer.cpp">
      <Filter>Source Files</Filter>
    </ClCompile>
    <ClCompile Include="..\..\player.cpp">
      <Filter>Source Files</Filter>
    </ClCompile>
    <ClCompile Include="..\..\psiddrv.cpp">
      <Filter>Source Files</Filter>
    </ClCompile>
    <ClCompile Include="..\..\c64\mmu.cpp">
      <Filter>Source Files</Filter>
    </ClCompile>
    <ClCompile Include="..\..\c64\CPU\mos6510.cpp">
      <Filter>Components\MOS6510</Filter>
    </ClCompile>
    <ClCompile Include="..\..\c64\CPU\mos6510debug.cpp">
      <Filter>Components\MOS6510</Filter>
    </ClCompile>
    <ClCompile Include="..\..\c64\CIA\mos6526.cpp">
      <Filter>Components\MOS6526</Filter>
    </ClCompile>
    <ClCompile Include="..\..\c64\VIC_II\mos656x.cpp">
      <Filter>Components\MOS656X</Filter>
    </ClCompile>
    <ClCompile Include="..\..\c64\c64.cpp">
      <Filter>Source Files</Filter>
    </ClCompile>
    <ClCompile Include="..\..\EventScheduler.cpp">
      <Filter>Source Files</Filter>
    </ClCompile>
    <ClCompile Include="..\..\sidtune\MUS.cpp">
      <Filter>Components\SidTune</Filter>
    </ClCompile>
    <ClCompile Include="..\..\sidtune\p00.cpp">
      <Filter>Components\SidTune</Filter>
    </ClCompile>
    <ClCompile Include="..\..\sidtune\prg.cpp">
      <Filter>Components\SidTune</Filter>
    </ClCompile>
    <ClCompile Include="..\..\sidtune\PSID.cpp">
      <Filter>Components\SidTune</Filter>
    </ClCompile>
    <ClCompile Include="..\..\sidtune\SidTuneBase.cpp">
      <Filter>Components\SidTune</Filter>
    </ClCompile>
    <ClCompile Include="..\..\sidtune\SidTuneTools.cpp">
      <Filter>Components\SidTune</Filter>
    </ClCompile>
    <ClCompile Include="..\..\reloc65.cpp">
      <Filter>Source Files</Filter>
    </ClCompile>
    <ClCompile Include="..\..\sidbuilder.cpp">
      <Filter>Source Files</Filter>
    </ClCompile>
    <ClCompile Include="..\..\SidConfig.cpp">
      <Filter>Source Files</Filter>
    </ClCompile>
    <ClCompile Include="..\..\sidplayfp.cpp">
      <Filter>Source Files</Filter>
    </ClCompile>
    <ClCompile Include="..\..\SidTune.cpp">
      <Filter>Source Files</Filter>
    </ClCompile>
    <ClCompile Include="..\..\c64\CIA\timer.cpp">
      <Filter>Source Files</Filter>
    </ClCompile>
  </ItemGroup>
  <ItemGroup>
    <None Include="..\..\psiddrv.a65">
      <Filter>Source Files</Filter>
    </None>
    <None Include="..\..\psiddrv.bin">
      <Filter>Source Files</Filter>
    </None>
    <None Include="..\..\sidversion.h.in">
      <Filter>Source Files</Filter>
    </None>
  </ItemGroup>
</Project>