<?xml version="1.0" encoding="utf-8"?>
<Project ToolsVersion="4.0" xmlns="http://schemas.microsoft.com/developer/msbuild/2003">
  <ItemGroup>
    <Filter Include="jma">
      <UniqueIdentifier>{40f41122-3504-4d22-95e6-5c4a63380b70}</UniqueIdentifier>
    </Filter>
    <Filter Include="jma\include">
      <UniqueIdentifier>{45a681c3-912e-49c2-9746-559068a6102e}</UniqueIdentifier>
    </Filter>
  </ItemGroup>
  <ItemGroup>
    <ClCompile Include="jma\7zlzma.cpp">
      <Filter>jma</Filter>
    </ClCompile>
    <ClCompile Include="jma\crc32.cpp">
      <Filter>jma</Filter>
    </ClCompile>
    <ClCompile Include="jma\iiostrm.cpp">
      <Filter>jma</Filter>
    </ClCompile>
    <ClCompile Include="jma\inbyte.cpp">
      <Filter>jma</Filter>
    </ClCompile>
    <ClCompile Include="jma\jma.cpp">
      <Filter>jma</Filter>
    </ClCompile>
    <ClCompile Include="jma\lzma.cpp">
      <Filter>jma</Filter>
    </ClCompile>
    <ClCompile Include="jma\lzmadec.cpp">
      <Filter>jma</Filter>
    </ClCompile>
    <ClCompile Include="jma\winout.cpp">
      <Filter>jma</Filter>
    </ClCompile>
    <ClCompile Include="unpack_jma.cpp" />
    <ClCompile Include="jma\file_buffer.cpp">
      <Filter>jma</Filter>
    </ClCompile>
  </ItemGroup>
  <ItemGroup>
    <ClInclude Include="jma\7z.h">
      <Filter>jma\include</Filter>
    </ClInclude>
    <ClInclude Include="jma\aribitcd.h">
      <Filter>jma\include</Filter>
    </ClInclude>
    <ClInclude Include="jma\ariconst.h">
      <Filter>jma\include</Filter>
    </ClInclude>
    <ClInclude Include="jma\ariprice.h">
      <Filter>jma\include</Filter>
    </ClInclude>
    <ClInclude Include="jma\btreecd.h">
      <Filter>jma\include</Filter>
    </ClInclude>
    <ClInclude Include="jma\crc32.h">
      <Filter>jma\include</Filter>
    </ClInclude>
    <ClInclude Include="jma\iiostrm.h">
      <Filter>jma\include</Filter>
    </ClInclude>
    <ClInclude Include="jma\inbyte.h">
      <Filter>jma\include</Filter>
    </ClInclude>
    <ClInclude Include="jma\jma.h">
      <Filter>jma\include</Filter>
    </ClInclude>
    <ClInclude Include="jma\lencoder.h">
      <Filter>jma\include</Filter>
    </ClInclude>
    <ClInclude Include="jma\litcoder.h">
      <Filter>jma\include</Filter>
    </ClInclude>
    <ClInclude Include="jma\lzma.h">
      <Filter>jma\include</Filter>
    </ClInclude>
    <ClInclude Include="jma\lzmadec.h">
      <Filter>jma\include</Filter>
    </ClInclude>
    <ClInclude Include="jma\portable.h">
      <Filter>jma\include</Filter>
    </ClInclude>
    <ClInclude Include="jma\rcdefs.h">
      <Filter>jma\include</Filter>
    </ClInclude>
    <ClInclude Include="jma\rngcoder.h">
      <Filter>jma\include</Filter>
    </ClInclude>
    <ClInclude Include="jma\winout.h">
      <Filter>jma\include</Filter>
    </ClInclude>
    <ClInclude Include="jma\file_buffer.h">
      <Filter>jma\include</Filter>
    </ClInclude>
  </ItemGroup>
</Project>