<?xml version="1.0" encoding="utf-8"?>
<Project ToolsVersion="4.0" xmlns="http://schemas.microsoft.com/developer/msbuild/2003">
  <ItemGroup>
    <Filter Include="Header Files">
      <UniqueIdentifier>{f9a2e089-8d3c-438c-b55e-e38d389a0ba2}</UniqueIdentifier>
      <Extensions>h;hpp;hxx;hm;inl</Extensions>
    </Filter>
    <Filter Include="Source Files">
      <UniqueIdentifier>{72aaed86-7d0a-4e3a-9736-b9c81d5c4d71}</UniqueIdentifier>
      <Extensions>cpp;c;cxx;rc;def;r;odl;idl;hpj;bat</Extensions>
    </Filter>
  </ItemGroup>
  <ItemGroup>
    <ClCompile Include="3dnow_win.cpp">
      <Filter>Source Files</Filter>
    </ClCompile>
    <ClCompile Include="AAFilter.cpp">
      <Filter>Source Files</Filter>
    </ClCompile>
    <ClCompile Include="cpu_detect_x86_win.cpp">
      <Filter>Source Files</Filter>
    </ClCompile>
    <ClCompile Include="FIFOSampleBuffer.cpp">
      <Filter>Source Files</Filter>
    </ClCompile>
    <ClCompile Include="FIRFilter.cpp">
      <Filter>Source Files</Filter>
    </ClCompile>
    <ClCompile Include="mmx_win.cpp">
      <Filter>Source Files</Filter>
    </ClCompile>
    <ClCompile Include="RateTransposer.cpp">
      <Filter>Source Files</Filter>
    </ClCompile>
    <ClCompile Include="SoundTouch.cpp">
      <Filter>Source Files</Filter>
    </ClCompile>
    <ClCompile Include="sse_win.cpp">
      <Filter>Source Files</Filter>
    </ClCompile>
    <ClCompile Include="TDStretch.cpp">
      <Filter>Source Files</Filter>
    </ClCompile>
  </ItemGroup>
  <ItemGroup>
    <ClInclude Include="..\..\include\FIFOSampleBuffer.h">
      <Filter>Header Files</Filter>
    </ClInclude>
    <ClInclude Include="..\..\include\FIFOSamplePipe.h">
      <Filter>Header Files</Filter>
    </ClInclude>
    <ClInclude Include="..\..\include\SoundTouch.h">
      <Filter>Header Files</Filter>
    </ClInclude>
    <ClInclude Include="..\..\include\STTypes.h">
      <Filter>Header Files</Filter>
    </ClInclude>
    <ClInclude Include="AAFilter.h">
      <Filter>Header Files</Filter>
    </ClInclude>
    <ClInclude Include="cpu_detect.h">
      <Filter>Header Files</Filter>
    </ClInclude>
    <ClInclude Include="FIRFilter.h">
      <Filter>Header Files</Filter>
    </ClInclude>
    <ClInclude Include="RateTransposer.h">
      <Filter>Header Files</Filter>
    </ClInclude>
    <ClInclude Include="TDStretch.h">
      <Filter>Header Files</Filter>
    </ClInclude>
  </ItemGroup>
</Project>